
Microsoft Visual Studio Solution File, Format Version 12.00
# Visual Studio Version 17
VisualStudioVersion = 17.5.33516.290
MinimumVisualStudioVersion = 10.0.40219.1
Project("{FAE04EC0-301F-11D3-BF4B-00C04F79EFBC}") = "RPowerStruct", "RPowerStruct\RPowerStruct.csproj", "{E5E9D410-BCF5-49A6-9CA4-BEF91971B9F8}"
EndProject
Project("{FAE04EC0-301F-11D3-BF4B-00C04F79EFBC}") = "RPowerStructTests", "RPowerStructTests\RPowerStructTests.csproj", "{4256C883-EE9B-49BC-8382-48F4B51F668A}"
EndProject
Global
	GlobalSection(SolutionConfigurationPlatforms) = preSolution
		Debug|Any CPU = Debug|Any CPU
		Release|Any CPU = Release|Any CPU
	EndGlobalSection
	GlobalSection(ProjectConfigurationPlatforms) = postSolution
		{E5E9D410-BCF5-49A6-9CA4-BEF91971B9F8}.Debug|Any CPU.ActiveCfg = Debug|Any CPU
		{E5E9D410-BCF5-49A6-9CA4-BEF91971B9F8}.Debug|Any CPU.Build.0 = Debug|Any CPU
		{E5E9D410-BCF5-49A6-9CA4-BEF91971B9F8}.Release|Any CPU.ActiveCfg = Release|Any CPU
		{E5E9D410-BCF5-49A6-9CA4-BEF91971B9F8}.Release|Any CPU.Build.0 = Release|Any CPU
		{4256C883-EE9B-49BC-8382-48F4B51F668A}.Debug|Any CPU.ActiveCfg = Debug|Any CPU
		{4256C883-EE9B-49BC-8382-48F4B51F668A}.Debug|Any CPU.Build.0 = Debug|Any CPU
		{4256C883-EE9B-49BC-8382-48F4B51F668A}.Release|Any CPU.ActiveCfg = Release|Any CPU
		{4256C883-EE9B-49BC-8382-48F4B51F668A}.Release|Any CPU.Build.0 = Release|Any CPU
	EndGlobalSection
	GlobalSection(SolutionProperties) = preSolution
		HideSolutionNode = FALSE
	EndGlobalSection
	GlobalSection(ExtensibilityGlobals) = postSolution
		SolutionGuid = {ABA63B1C-3DA8-43E4-9BA0-5202229592FA}
	EndGlobalSection
EndGlobal
